{
  "requires": true,
  "lockfileVersion": 1,
  "dependencies": {
    "systeminformation": {
      "version": "5.9.17",
      "resolved": "https://registry.npmjs.org/systeminformation/-/systeminformation-5.9.17.tgz",
      "integrity": "sha512-hbJtPsG63PCst4PLXFq8hycbkeR5oGDquRowfLK0gNX7nJ1qx3tCbsWu83OL4GP1dkcLMKsVooLUn5x2K1Epgg=="
    }
  }
}
